
Microsoft Visual Studio Solution File, Format Version 10.00
# Visual Studio 2008
Project("{FAE04EC0-301F-11D3-BF4B-00C04F79EFBC}") = "SilverlightMVVM", "SilverlightMVVM\SilverlightMVVM.csproj", "{B8B7A6C9-5686-45A5-917F-EF908EB7B84B}"
EndProject
Project("{FAE04EC0-301F-11D3-BF4B-00C04F79EFBC}") = "SilverlightMVVM.Web", "SilverlightMVVM.Web\SilverlightMVVM.Web.csproj", "{4A10865D-7697-4C39-AD6C-AE7623B5A3E3}"
EndProject
Global
	GlobalSection(SolutionConfigurationPlatforms) = preSolution
		Debug|Any CPU = Debug|Any CPU
		Release|Any CPU = Release|Any CPU
	EndGlobalSection
	GlobalSection(ProjectConfigurationPlatforms) = postSolution
		{B8B7A6C9-5686-45A5-917F-EF908EB7B84B}.Debug|Any CPU.ActiveCfg = Debug|Any CPU
		{B8B7A6C9-5686-45A5-917F-EF908EB7B84B}.Debug|Any CPU.Build.0 = Debug|Any CPU
		{B8B7A6C9-5686-45A5-917F-EF908EB7B84B}.Release|Any CPU.ActiveCfg = Release|Any CPU
		{B8B7A6C9-5686-45A5-917F-EF908EB7B84B}.Release|Any CPU.Build.0 = Release|Any CPU
		{4A10865D-7697-4C39-AD6C-AE7623B5A3E3}.Debug|Any CPU.ActiveCfg = Debug|Any CPU
		{4A10865D-7697-4C39-AD6C-AE7623B5A3E3}.Debug|Any CPU.Build.0 = Debug|Any CPU
		{4A10865D-7697-4C39-AD6C-AE7623B5A3E3}.Release|Any CPU.ActiveCfg = Release|Any CPU
		{4A10865D-7697-4C39-AD6C-AE7623B5A3E3}.Release|Any CPU.Build.0 = Release|Any CPU
	EndGlobalSection
	GlobalSection(SolutionProperties) = preSolution
		HideSolutionNode = FALSE
	EndGlobalSection
EndGlobal
