
Microsoft Visual Studio Solution File, Format Version 10.00
# Visual Studio 2008
Project("{FAE04EC0-301F-11D3-BF4B-00C04F79EFBC}") = "StateMachine", "StateMachine.csproj", "{49CF359C-F140-4408-AC2F-0B5C293F7610}"
EndProject
Global
	GlobalSection(SubversionScc) = preSolution
		Svn-Managed = True
		Manager = AnkhSVN - Subversion Support for Visual Studio
	EndGlobalSection
	GlobalSection(SolutionConfigurationPlatforms) = preSolution
		Debug|Any CPU = Debug|Any CPU
		Release|Any CPU = Release|Any CPU
	EndGlobalSection
	GlobalSection(ProjectConfigurationPlatforms) = postSolution
		{49CF359C-F140-4408-AC2F-0B5C293F7610}.Debug|Any CPU.ActiveCfg = Debug|Any CPU
		{49CF359C-F140-4408-AC2F-0B5C293F7610}.Debug|Any CPU.Build.0 = Debug|Any CPU
		{49CF359C-F140-4408-AC2F-0B5C293F7610}.Release|Any CPU.ActiveCfg = Release|Any CPU
		{49CF359C-F140-4408-AC2F-0B5C293F7610}.Release|Any CPU.Build.0 = Release|Any CPU
	EndGlobalSection
	GlobalSection(SolutionProperties) = preSolution
		HideSolutionNode = FALSE
	EndGlobalSection
EndGlobal
