
Microsoft Visual Studio Solution File, Format Version 10.00
# Visual Studio 2008
Project("{FAE04EC0-301F-11D3-BF4B-00C04F79EFBC}") = "Compiler", "Compiler\Compiler.csproj", "{1D19E4D7-E266-4B8E-9D5F-443F5CCB1893}"
EndProject
Project("{2150E333-8FDC-42A3-9474-1A3956D46DE8}") = "TestFiles", "TestFiles", "{960C41B5-4899-4AC8-8747-AA02DD57E210}"
EndProject
Project("{2150E333-8FDC-42A3-9474-1A3956D46DE8}") = "ExpressionlessSquare", "ExpressionlessSquare", "{055175BD-673C-4F68-9987-70484031D46C}"
	ProjectSection(SolutionItems) = preProject
		TestFiles\ExpressionlessSquare\Main.jack = TestFiles\ExpressionlessSquare\Main.jack
		TestFiles\ExpressionlessSquare\Main.xml = TestFiles\ExpressionlessSquare\Main.xml
		TestFiles\ExpressionlessSquare\MainT.xml = TestFiles\ExpressionlessSquare\MainT.xml
		TestFiles\ExpressionlessSquare\Square.jack = TestFiles\ExpressionlessSquare\Square.jack
		TestFiles\ExpressionlessSquare\Square.xml = TestFiles\ExpressionlessSquare\Square.xml
		TestFiles\ExpressionlessSquare\SquareGame.jack = TestFiles\ExpressionlessSquare\SquareGame.jack
		TestFiles\ExpressionlessSquare\SquareGame.xml = TestFiles\ExpressionlessSquare\SquareGame.xml
		TestFiles\ExpressionlessSquare\SquareGameT.xml = TestFiles\ExpressionlessSquare\SquareGameT.xml
		TestFiles\ExpressionlessSquare\SquareT.xml = TestFiles\ExpressionlessSquare\SquareT.xml
	EndProjectSection
EndProject
Project("{2150E333-8FDC-42A3-9474-1A3956D46DE8}") = "ArrayTest", "ArrayTest", "{270BB0E7-8F97-4126-A4EF-E6BD463613CF}"
	ProjectSection(SolutionItems) = preProject
		TestFiles\ArrayTest\Main.jack = TestFiles\ArrayTest\Main.jack
		TestFiles\ArrayTest\Main.xml = TestFiles\ArrayTest\Main.xml
		TestFiles\ArrayTest\MainT.xml = TestFiles\ArrayTest\MainT.xml
	EndProjectSection
EndProject
Project("{2150E333-8FDC-42A3-9474-1A3956D46DE8}") = "Square", "Square", "{70D9276C-EA20-47E2-BCB8-C30F6EACA85B}"
	ProjectSection(SolutionItems) = preProject
		TestFiles\Square\Main.jack = TestFiles\Square\Main.jack
		TestFiles\Square\Main.xml = TestFiles\Square\Main.xml
		TestFiles\Square\MainT.xml = TestFiles\Square\MainT.xml
		TestFiles\Square\Square.jack = TestFiles\Square\Square.jack
		TestFiles\Square\Square.xml = TestFiles\Square\Square.xml
		TestFiles\Square\SquareGame.jack = TestFiles\Square\SquareGame.jack
		TestFiles\Square\SquareGame.xml = TestFiles\Square\SquareGame.xml
		TestFiles\Square\SquareGameT.xml = TestFiles\Square\SquareGameT.xml
		TestFiles\Square\SquareT.xml = TestFiles\Square\SquareT.xml
	EndProjectSection
EndProject
Project("{FAE04EC0-301F-11D3-BF4B-00C04F79EFBC}") = "States", "States\States.csproj", "{87B12A99-DC66-4776-9AF6-350A9142F3B2}"
EndProject
Project("{FAE04EC0-301F-11D3-BF4B-00C04F79EFBC}") = "Interfaces", "Interfaces\Interfaces.csproj", "{40466602-6C97-4902-B12D-8F41D5DBEECB}"
EndProject
Global
	GlobalSection(SubversionScc) = preSolution
		Svn-Managed = True
		Manager = AnkhSVN - Subversion Support for Visual Studio
	EndGlobalSection
	GlobalSection(SolutionConfigurationPlatforms) = preSolution
		Debug|Any CPU = Debug|Any CPU
		Release|Any CPU = Release|Any CPU
	EndGlobalSection
	GlobalSection(ProjectConfigurationPlatforms) = postSolution
		{1D19E4D7-E266-4B8E-9D5F-443F5CCB1893}.Debug|Any CPU.ActiveCfg = Debug|Any CPU
		{1D19E4D7-E266-4B8E-9D5F-443F5CCB1893}.Debug|Any CPU.Build.0 = Debug|Any CPU
		{1D19E4D7-E266-4B8E-9D5F-443F5CCB1893}.Release|Any CPU.ActiveCfg = Release|Any CPU
		{1D19E4D7-E266-4B8E-9D5F-443F5CCB1893}.Release|Any CPU.Build.0 = Release|Any CPU
		{87B12A99-DC66-4776-9AF6-350A9142F3B2}.Debug|Any CPU.ActiveCfg = Debug|Any CPU
		{87B12A99-DC66-4776-9AF6-350A9142F3B2}.Debug|Any CPU.Build.0 = Debug|Any CPU
		{87B12A99-DC66-4776-9AF6-350A9142F3B2}.Release|Any CPU.ActiveCfg = Release|Any CPU
		{87B12A99-DC66-4776-9AF6-350A9142F3B2}.Release|Any CPU.Build.0 = Release|Any CPU
		{40466602-6C97-4902-B12D-8F41D5DBEECB}.Debug|Any CPU.ActiveCfg = Debug|Any CPU
		{40466602-6C97-4902-B12D-8F41D5DBEECB}.Debug|Any CPU.Build.0 = Debug|Any CPU
		{40466602-6C97-4902-B12D-8F41D5DBEECB}.Release|Any CPU.ActiveCfg = Release|Any CPU
		{40466602-6C97-4902-B12D-8F41D5DBEECB}.Release|Any CPU.Build.0 = Release|Any CPU
	EndGlobalSection
	GlobalSection(SolutionProperties) = preSolution
		HideSolutionNode = FALSE
	EndGlobalSection
	GlobalSection(NestedProjects) = preSolution
		{055175BD-673C-4F68-9987-70484031D46C} = {960C41B5-4899-4AC8-8747-AA02DD57E210}
		{270BB0E7-8F97-4126-A4EF-E6BD463613CF} = {960C41B5-4899-4AC8-8747-AA02DD57E210}
		{70D9276C-EA20-47E2-BCB8-C30F6EACA85B} = {960C41B5-4899-4AC8-8747-AA02DD57E210}
	EndGlobalSection
EndGlobal
