
Microsoft Visual Studio Solution File, Format Version 10.00
# Visual Studio 2008
Project("{FAE04EC0-301F-11D3-BF4B-00C04F79EFBC}") = "Assembler", "Assembler\Assembler.csproj", "{778DBF64-4419-41BD-82F8-722845C19D9E}"
EndProject
Project("{2150E333-8FDC-42A3-9474-1A3956D46DE8}") = "TestFiles", "TestFiles", "{4AB263BD-59A4-482F-906E-AD7EFA98C9C0}"
	ProjectSection(SolutionItems) = preProject
		TestFiles\MaxL.asm = TestFiles\MaxL.asm
		TestFiles\PongL.asm = TestFiles\PongL.asm
		TestFiles\RectL.asm = TestFiles\RectL.asm
	EndProjectSection
EndProject
Project("{FAE04EC0-301F-11D3-BF4B-00C04F79EFBC}") = "UnitTests", "UnitTests\UnitTests.csproj", "{10C04EF0-43D2-4E34-983F-61E747BFD007}"
EndProject
Project("{2150E333-8FDC-42A3-9474-1A3956D46DE8}") = "Solution Items", "Solution Items", "{76C474B7-7561-452D-BC01-5ECE9C8DCB24}"
	ProjectSection(SolutionItems) = preProject
		06.vsmdi = 06.vsmdi
		LocalTestRun.testrunconfig = LocalTestRun.testrunconfig
	EndProjectSection
EndProject
Global
	GlobalSection(TestCaseManagementSettings) = postSolution
		CategoryFile = 06.vsmdi
	EndGlobalSection
	GlobalSection(SolutionConfigurationPlatforms) = preSolution
		Debug|Any CPU = Debug|Any CPU
		Release|Any CPU = Release|Any CPU
	EndGlobalSection
	GlobalSection(ProjectConfigurationPlatforms) = postSolution
		{778DBF64-4419-41BD-82F8-722845C19D9E}.Debug|Any CPU.ActiveCfg = Debug|Any CPU
		{778DBF64-4419-41BD-82F8-722845C19D9E}.Debug|Any CPU.Build.0 = Debug|Any CPU
		{778DBF64-4419-41BD-82F8-722845C19D9E}.Release|Any CPU.ActiveCfg = Release|Any CPU
		{778DBF64-4419-41BD-82F8-722845C19D9E}.Release|Any CPU.Build.0 = Release|Any CPU
		{10C04EF0-43D2-4E34-983F-61E747BFD007}.Debug|Any CPU.ActiveCfg = Debug|Any CPU
		{10C04EF0-43D2-4E34-983F-61E747BFD007}.Debug|Any CPU.Build.0 = Debug|Any CPU
		{10C04EF0-43D2-4E34-983F-61E747BFD007}.Release|Any CPU.ActiveCfg = Release|Any CPU
		{10C04EF0-43D2-4E34-983F-61E747BFD007}.Release|Any CPU.Build.0 = Release|Any CPU
	EndGlobalSection
	GlobalSection(SolutionProperties) = preSolution
		HideSolutionNode = FALSE
	EndGlobalSection
EndGlobal
