
Microsoft Visual Studio Solution File, Format Version 10.00
# Visual Studio 2008
Project("{FAE04EC0-301F-11D3-BF4B-00C04F79EFBC}") = "Assembler", "Assembler\Assembler.csproj", "{F59147FB-2F66-4B68-8538-88EB2FE8E12F}"
EndProject
Global
	GlobalSection(SolutionConfigurationPlatforms) = preSolution
		Debug|Any CPU = Debug|Any CPU
		Release|Any CPU = Release|Any CPU
	EndGlobalSection
	GlobalSection(ProjectConfigurationPlatforms) = postSolution
		{F59147FB-2F66-4B68-8538-88EB2FE8E12F}.Debug|Any CPU.ActiveCfg = Debug|Any CPU
		{F59147FB-2F66-4B68-8538-88EB2FE8E12F}.Debug|Any CPU.Build.0 = Debug|Any CPU
		{F59147FB-2F66-4B68-8538-88EB2FE8E12F}.Release|Any CPU.ActiveCfg = Release|Any CPU
		{F59147FB-2F66-4B68-8538-88EB2FE8E12F}.Release|Any CPU.Build.0 = Release|Any CPU
	EndGlobalSection
	GlobalSection(SolutionProperties) = preSolution
		HideSolutionNode = FALSE
	EndGlobalSection
EndGlobal
